
Microsoft Visual Studio Solution File, Format Version 12.00
# Visual Studio Version 16
VisualStudioVersion = 16.0.29905.134
MinimumVisualStudioVersion = 10.0.40219.1
Project("{2150E333-8FDC-42A3-9474-1A3956D46DE8}") = "src", "src", "{383AA488-5FA4-4DA1-B665-479F25A79F8D}"
EndProject
Project("{2150E333-8FDC-42A3-9474-1A3956D46DE8}") = "tests", "tests", "{D329C949-C961-4E35-801A-E22F2C666D18}"
EndProject
Project("{2150E333-8FDC-42A3-9474-1A3956D46DE8}") = "Solution Items", "Solution Items", "{D0B23108-9312-4503-95DA-C3940A0471FC}"
	ProjectSection(SolutionItems) = preProject
		LICENSE = LICENSE
		README.md = README.md
	EndProjectSection
EndProject
Project("{FAE04EC0-301F-11D3-BF4B-00C04F79EFBC}") = "Compete.Library.Api", "Compete.Library.Api\Compete.Library.Api.csproj", "{19EF66C6-BD58-4227-8EEF-333EA3B73A9B}"
EndProject
Global
	GlobalSection(SolutionConfigurationPlatforms) = preSolution
		Debug|Any CPU = Debug|Any CPU
		Release|Any CPU = Release|Any CPU
	EndGlobalSection
	GlobalSection(ProjectConfigurationPlatforms) = postSolution
		{19EF66C6-BD58-4227-8EEF-333EA3B73A9B}.Debug|Any CPU.ActiveCfg = Debug|Any CPU
		{19EF66C6-BD58-4227-8EEF-333EA3B73A9B}.Debug|Any CPU.Build.0 = Debug|Any CPU
		{19EF66C6-BD58-4227-8EEF-333EA3B73A9B}.Release|Any CPU.ActiveCfg = Release|Any CPU
		{19EF66C6-BD58-4227-8EEF-333EA3B73A9B}.Release|Any CPU.Build.0 = Release|Any CPU
	EndGlobalSection
	GlobalSection(SolutionProperties) = preSolution
		HideSolutionNode = FALSE
	EndGlobalSection
	GlobalSection(NestedProjects) = preSolution
		{19EF66C6-BD58-4227-8EEF-333EA3B73A9B} = {383AA488-5FA4-4DA1-B665-479F25A79F8D}
	EndGlobalSection
	GlobalSection(ExtensibilityGlobals) = postSolution
		SolutionGuid = {1A7502AF-5C86-48DA-91F7-51A94E8F12F2}
	EndGlobalSection
EndGlobal
